// !$*UTF8*$!
{
	archiveVersion = 1;
	classes = {
	};
	objectVersion = 56;
	objects = {

/* Begin PBXBuildFile section */
		63C0CF502AED1ED100CBADAD /* Tab.swift in Sources */ = {isa = PBXBuildFile; fileRef = 63C0CF4F2AED1ED100CBADAD /* Tab.swift */; };
		63C0CF522AED201000CBADAD /* Home.swift in Sources */ = {isa = PBXBuildFile; fileRef = 63C0CF512AED201000CBADAD /* Home.swift */; };
		63DB136F2AED06B70044274A /* SwiftUI_StudyApp.swift in Sources */ = {isa = PBXBuildFile; fileRef = 63DB136E2AED06B70044274A /* SwiftUI_StudyApp.swift */; };
		63DB13712AED06B70044274A /* ContentView.swift in Sources */ = {isa = PBXBuildFile; fileRef = 63DB13702AED06B70044274A /* ContentView.swift */; };
		63DB13732AED06B80044274A /* Assets.xcassets in Resources */ = {isa = PBXBuildFile; fileRef = 63DB13722AED06B80044274A /* Assets.xcassets */; };
		63DB13762AED06B80044274A /* Preview Assets.xcassets in Resources */ = {isa = PBXBuildFile; fileRef = 63DB13752AED06B80044274A /* Preview Assets.xcassets */; };
		63DB13802AED06B80044274A /* SwiftUI_StudyTests.swift in Sources */ = {isa = PBXBuildFile; fileRef = 63DB137F2AED06B80044274A /* SwiftUI_StudyTests.swift */; };
		63DB138A2AED06B80044274A /* SwiftUI_StudyUITests.swift in Sources */ = {isa = PBXBuildFile; fileRef = 63DB13892AED06B80044274A /* SwiftUI_StudyUITests.swift */; };
		63DB138C2AED06B80044274A /* SwiftUI_StudyUITestsLaunchTests.swift in Sources */ = {isa = PBXBuildFile; fileRef = 63DB138B2AED06B80044274A /* SwiftUI_StudyUITestsLaunchTests.swift */; };
/* End PBXBuildFile section */

/* Begin PBXContainerItemProxy section */
		63DB137C2AED06B80044274A /* PBXContainerItemProxy */ = {
			isa = PBXContainerItemProxy;
			containerPortal = 63DB13632AED06B70044274A /* Project object */;
			proxyType = 1;
			remoteGlobalIDString = 63DB136A2AED06B70044274A;
			remoteInfo = SwiftUI_Study;
		};
		63DB13862AED06B80044274A /* PBXContainerItemProxy */ = {
			isa = PBXContainerItemProxy;
			containerPortal = 63DB13632AED06B70044274A /* Project object */;
			proxyType = 1;
			remoteGlobalIDString = 63DB136A2AED06B70044274A;
			remoteInfo = SwiftUI_Study;
		};
/* End PBXContainerItemProxy section */

/* Begin PBXFileReference section */
		63C0CF4F2AED1ED100CBADAD /* Tab.swift */ = {isa = PBXFileReference; lastKnownFileType = sourcecode.swift; path = Tab.swift; sourceTree = "<group>"; };
		63C0CF512AED201000CBADAD /* Home.swift */ = {isa = PBXFileReference; lastKnownFileType = sourcecode.swift; path = Home.swift; sourceTree = "<group>"; };
		63DB136B2AED06B70044274A /* SwiftUI_Study.app */ = {isa = PBXFileReference; explicitFileType = wrapper.application; includeInIndex = 0; path = SwiftUI_Study.app; sourceTree = BUILT_PRODUCTS_DIR; };
		63DB136E2AED06B70044274A /* SwiftUI_StudyApp.swift */ = {isa = PBXFileReference; lastKnownFileType = sourcecode.swift; path = SwiftUI_StudyApp.swift; sourceTree = "<group>"; };
		63DB13702AED06B70044274A /* ContentView.swift */ = {isa = PBXFileReference; lastKnownFileType = sourcecode.swift; path = ContentView.swift; sourceTree = "<group>"; };
		63DB13722AED06B80044274A /* Assets.xcassets */ = {isa = PBXFileReference; lastKnownFileType = folder.assetcatalog; path = Assets.xcassets; sourceTree = "<group>"; };
		63DB13752AED06B80044274A /* Preview Assets.xcassets */ = {isa = PBXFileReference; lastKnownFileType = folder.assetcatalog; path = "Preview Assets.xcassets"; sourceTree = "<group>"; };
		63DB137B2AED06B80044274A /* SwiftUI_StudyTests.xctest */ = {isa = PBXFileReference; explicitFileType = wrapper.cfbundle; includeInIndex = 0; path = SwiftUI_StudyTests.xctest; sourceTree = BUILT_PRODUCTS_DIR; };
		63DB137F2AED06B80044274A /* SwiftUI_StudyTests.swift */ = {isa = PBXFileReference; lastKnownFileType = sourcecode.swift; path = SwiftUI_StudyTests.swift; sourceTree = "<group>"; };
		63DB13852AED06B80044274A /* SwiftUI_StudyUITests.xctest */ = {isa = PBXFileReference; explicitFileType = wrapper.cfbundle; includeInIndex = 0; path = SwiftUI_StudyUITests.xctest; sourceTree = BUILT_PRODUCTS_DIR; };
		63DB13892AED06B80044274A /* SwiftUI_StudyUITests.swift */ = {isa = PBXFileReference; lastKnownFileType = sourcecode.swift; path = SwiftUI_StudyUITests.swift; sourceTree = "<group>"; };
		63DB138B2AED06B80044274A /* SwiftUI_StudyUITestsLaunchTests.swift */ = {isa = PBXFileReference; lastKnownFileType = sourcecode.swift; path = SwiftUI_StudyUITestsLaunchTests.swift; sourceTree = "<group>"; };
/* End PBXFileReference section */

/* Begin PBXFrameworksBuildPhase section */
		63DB13682AED06B70044274A /* Frameworks */ = {
			isa = PBXFrameworksBuildPhase;
			buildActionMask = 2147483647;
			files = (
			);
			runOnlyForDeploymentPostprocessing = 0;
		};
		63DB13782AED06B80044274A /* Frameworks */ = {
			isa = PBXFrameworksBuildPhase;
			buildActionMask = 2147483647;
			files = (
			);
			runOnlyForDeploymentPostprocessing = 0;
		};
		63DB13822AED06B80044274A /* Frameworks */ = {
			isa = PBXFrameworksBuildPhase;
			buildActionMask = 2147483647;
			files = (
			);
			runOnlyForDeploymentPostprocessing = 0;
		};
/* End PBXFrameworksBuildPhase section */

/* Begin PBXGroup section */
		63C0CF4D2AED1E9600CBADAD /* Model */ = {
			isa = PBXGroup;
			children = (
				63C0CF4F2AED1ED100CBADAD /* Tab.swift */,
			);
			path = Model;
			sourceTree = "<group>";
		};
		63C0CF4E2AED1EB100CBADAD /* View */ = {
			isa = PBXGroup;
			children = (
				63C0CF512AED201000CBADAD /* Home.swift */,
			);
			path = View;
			sourceTree = "<group>";
		};
		63DB13622AED06B70044274A = {
			isa = PBXGroup;
			children = (
				63DB136D2AED06B70044274A /* SwiftUI_Study */,
				63DB137E2AED06B80044274A /* SwiftUI_StudyTests */,
				63DB13882AED06B80044274A /* SwiftUI_StudyUITests */,
				63DB136C2AED06B70044274A /* Products */,
			);
			sourceTree = "<group>";
		};
		63DB136C2AED06B70044274A /* Products */ = {
			isa = PBXGroup;
			children = (
				63DB136B2AED06B70044274A /* SwiftUI_Study.app */,
				63DB137B2AED06B80044274A /* SwiftUI_StudyTests.xctest */,
				63DB13852AED06B80044274A /* SwiftUI_StudyUITests.xctest */,
			);
			name = Products;
			sourceTree = "<group>";
		};
		63DB136D2AED06B70044274A /* SwiftUI_Study */ = {
			isa = PBXGroup;
			children = (
				63C0CF4E2AED1EB100CBADAD /* View */,
				63C0CF4D2AED1E9600CBADAD /* Model */,
				63DB13722AED06B80044274A /* Assets.xcassets */,
				63DB13702AED06B70044274A /* ContentView.swift */,
				63DB136E2AED06B70044274A /* SwiftUI_StudyApp.swift */,
				63DB13742AED06B80044274A /* Preview Content */,
			);
			path = SwiftUI_Study;
			sourceTree = "<group>";
		};
		63DB13742AED06B80044274A /* Preview Content */ = {
			isa = PBXGroup;
			children = (
				63DB13752AED06B80044274A /* Preview Assets.xcassets */,
			);
			path = "Preview Content";
			sourceTree = "<group>";
		};
		63DB137E2AED06B80044274A /* SwiftUI_StudyTests */ = {
			isa = PBXGroup;
			children = (
				63DB137F2AED06B80044274A /* SwiftUI_StudyTests.swift */,
			);
			path = SwiftUI_StudyTests;
			sourceTree = "<group>";
		};
		63DB13882AED06B80044274A /* SwiftUI_StudyUITests */ = {
			isa = PBXGroup;
			children = (
				63DB13892AED06B80044274A /* SwiftUI_StudyUITests.swift */,
				63DB138B2AED06B80044274A /* SwiftUI_StudyUITestsLaunchTests.swift */,
			);
			path = SwiftUI_StudyUITests;
			sourceTree = "<group>";
		};
/* End PBXGroup section */

/* Begin PBXNativeTarget section */
		63DB136A2AED06B70044274A /* SwiftUI_Study */ = {
			isa = PBXNativeTarget;
			buildConfigurationList = 63DB138F2AED06B80044274A /* Build configuration list for PBXNativeTarget "SwiftUI_Study" */;
			buildPhases = (
				63DB13672AED06B70044274A /* Sources */,
				63DB13682AED06B70044274A /* Frameworks */,
				63DB13692AED06B70044274A /* Resources */,
			);
			buildRules = (
			);
			dependencies = (
			);
			name = SwiftUI_Study;
			productName = SwiftUI_Study;
			productReference = 63DB136B2AED06B70044274A /* SwiftUI_Study.app */;
			productType = "com.apple.product-type.application";
		};
		63DB137A2AED06B80044274A /* SwiftUI_StudyTests */ = {
			isa = PBXNativeTarget;
			buildConfigurationList = 63DB13922AED06B80044274A /* Build configuration list for PBXNativeTarget "SwiftUI_StudyTests" */;
			buildPhases = (
				63DB13772AED06B80044274A /* Sources */,
				63DB13782AED06B80044274A /* Frameworks */,
				63DB13792AED06B80044274A /* Resources */,
			);
			buildRules = (
			);
			dependencies = (
				63DB137D2AED06B80044274A /* PBXTargetDependency */,
			);
			name = SwiftUI_StudyTests;
			productName = SwiftUI_StudyTests;
			productReference = 63DB137B2AED06B80044274A /* SwiftUI_StudyTests.xctest */;
			productType = "com.apple.product-type.bundle.unit-test";
		};
		63DB13842AED06B80044274A /* SwiftUI_StudyUITests */ = {
			isa = PBXNativeTarget;
			buildConfigurationList = 63DB13952AED06B80044274A /* Build configuration list for PBXNativeTarget "SwiftUI_StudyUITests" */;
			buildPhases = (
				63DB13812AED06B80044274A /* Sources */,
				63DB13822AED06B80044274A /* Frameworks */,
				63DB13832AED06B80044274A /* Resources */,
			);
			buildRules = (
			);
			dependencies = (
				63DB13872AED06B80044274A /* PBXTargetDependency */,
			);
			name = SwiftUI_StudyUITests;
			productName = SwiftUI_StudyUITests;
			productReference = 63DB13852AED06B80044274A /* SwiftUI_StudyUITests.xctest */;
			productType = "com.apple.product-type.bundle.ui-testing";
		};
/* End PBXNativeTarget section */

/* Begin PBXProject section */
		63DB13632AED06B70044274A /* Project object */ = {
			isa = PBXProject;
			attributes = {
				BuildIndependentTargetsInParallel = 1;
				LastSwiftUpdateCheck = 1500;
				LastUpgradeCheck = 1500;
				TargetAttributes = {
					63DB136A2AED06B70044274A = {
						CreatedOnToolsVersion = 15.0;
					};
					63DB137A2AED06B80044274A = {
						CreatedOnToolsVersion = 15.0;
						TestTargetID = 63DB136A2AED06B70044274A;
					};
					63DB13842AED06B80044274A = {
						CreatedOnToolsVersion = 15.0;
						TestTargetID = 63DB136A2AED06B70044274A;
					};
				};
			};
			buildConfigurationList = 63DB13662AED06B70044274A /* Build configuration list for PBXProject "SwiftUI_Study" */;
			compatibilityVersion = "Xcode 14.0";
			developmentRegion = en;
			hasScannedForEncodings = 0;
			knownRegions = (
				en,
				Base,
			);
			mainGroup = 63DB13622AED06B70044274A;
			productRefGroup = 63DB136C2AED06B70044274A /* Products */;
			projectDirPath = "";
			projectRoot = "";
			targets = (
				63DB136A2AED06B70044274A /* SwiftUI_Study */,
				63DB137A2AED06B80044274A /* SwiftUI_StudyTests */,
				63DB13842AED06B80044274A /* SwiftUI_StudyUITests */,
			);
		};
/* End PBXProject section */

/* Begin PBXResourcesBuildPhase section */
		63DB13692AED06B70044274A /* Resources */ = {
			isa = PBXResourcesBuildPhase;
			buildActionMask = 2147483647;
			files = (
				63DB13762AED06B80044274A /* Preview Assets.xcassets in Resources */,
				63DB13732AED06B80044274A /* Assets.xcassets in Resources */,
			);
			runOnlyForDeploymentPostprocessing = 0;
		};
		63DB13792AED06B80044274A /* Resources */ = {
			isa = PBXResourcesBuildPhase;
			buildActionMask = 2147483647;
			files = (
			);
			runOnlyForDeploymentPostprocessing = 0;
		};
		63DB13832AED06B80044274A /* Resources */ = {
			isa = PBXResourcesBuildPhase;
			buildActionMask = 2147483647;
			files = (
			);
			runOnlyForDeploymentPostprocessing = 0;
		};
/* End PBXResourcesBuildPhase section */

/* Begin PBXSourcesBuildPhase section */
		63DB13672AED06B70044274A /* Sources */ = {
			isa = PBXSourcesBuildPhase;
			buildActionMask = 2147483647;
			files = (
				63C0CF502AED1ED100CBADAD /* Tab.swift in Sources */,
				63DB13712AED06B70044274A /* ContentView.swift in Sources */,
				63C0CF522AED201000CBADAD /* Home.swift in Sources */,
				63DB136F2AED06B70044274A /* SwiftUI_StudyApp.swift in Sources */,
			);
			runOnlyForDeploymentPostprocessing = 0;
		};
		63DB13772AED06B80044274A /* Sources */ = {
			isa = PBXSourcesBuildPhase;
			buildActionMask = 2147483647;
			files = (
				63DB13802AED06B80044274A /* SwiftUI_StudyTests.swift in Sources */,
			);
			runOnlyForDeploymentPostprocessing = 0;
		};
		63DB13812AED06B80044274A /* Sources */ = {
			isa = PBXSourcesBuildPhase;
			buildActionMask = 2147483647;
			files = (
				63DB138C2AED06B80044274A /* SwiftUI_StudyUITestsLaunchTests.swift in Sources */,
				63DB138A2AED06B80044274A /* SwiftUI_StudyUITests.swift in Sources */,
			);
			runOnlyForDeploymentPostprocessing = 0;
		};
/* End PBXSourcesBuildPhase section */

/* Begin PBXTargetDependency section */
		63DB137D2AED06B80044274A /* PBXTargetDependency */ = {
			isa = PBXTargetDependency;
			target = 63DB136A2AED06B70044274A /* SwiftUI_Study */;
			targetProxy = 63DB137C2AED06B80044274A /* PBXContainerItemProxy */;
		};
		63DB13872AED06B80044274A /* PBXTargetDependency */ = {
			isa = PBXTargetDependency;
			target = 63DB136A2AED06B70044274A /* SwiftUI_Study */;
			targetProxy = 63DB13862AED06B80044274A /* PBXContainerItemProxy */;
		};
/* End PBXTargetDependency section */

/* Begin XCBuildConfiguration section */
		63DB138D2AED06B80044274A /* Debug */ = {
			isa = XCBuildConfiguration;
			buildSettings = {
				ALWAYS_SEARCH_USER_PATHS = NO;
				ASSETCATALOG_COMPILER_GENERATE_SWIFT_ASSET_SYMBOL_EXTENSIONS = YES;
				CLANG_ANALYZER_NONNULL = YES;
				CLANG_ANALYZER_NUMBER_OBJECT_CONVERSION = YES_AGGRESSIVE;
				CLANG_CXX_LANGUAGE_STANDARD = "gnu++20";
				CLANG_ENABLE_MODULES = YES;
				CLANG_ENABLE_OBJC_ARC = YES;
				CLANG_ENABLE_OBJC_WEAK = YES;
				CLANG_WARN_BLOCK_CAPTURE_AUTORELEASING = YES;
				CLANG_WARN_BOOL_CONVERSION = YES;
				CLANG_WARN_COMMA = YES;
				CLANG_WARN_CONSTANT_CONVERSION = YES;
				CLANG_WARN_DEPRECATED_OBJC_IMPLEMENTATIONS = YES;
				CLANG_WARN_DIRECT_OBJC_ISA_USAGE = YES_ERROR;
				CLANG_WARN_DOCUMENTATION_COMMENTS = YES;
				CLANG_WARN_EMPTY_BODY = YES;
				CLANG_WARN_ENUM_CONVERSION = YES;
				CLANG_WARN_INFINITE_RECURSION = YES;
				CLANG_WARN_INT_CONVERSION = YES;
				CLANG_WARN_NON_LITERAL_NULL_CONVERSION = YES;
				CLANG_WARN_OBJC_IMPLICIT_RETAIN_SELF = YES;
				CLANG_WARN_OBJC_LITERAL_CONVERSION = YES;
				CLANG_WARN_OBJC_ROOT_CLASS = YES_ERROR;
				CLANG_WARN_QUOTED_INCLUDE_IN_FRAMEWORK_HEADER = YES;
				CLANG_WARN_RANGE_LOOP_ANALYSIS = YES;
				CLANG_WARN_STRICT_PROTOTYPES = YES;
				CLANG_WARN_SUSPICIOUS_MOVE = YES;
				CLANG_WARN_UNGUARDED_AVAILABILITY = YES_AGGRESSIVE;
				CLANG_WARN_UNREACHABLE_CODE = YES;
				CLANG_WARN__DUPLICATE_METHOD_MATCH = YES;
				COPY_PHASE_STRIP = NO;
				DEBUG_INFORMATION_FORMAT = dwarf;
				ENABLE_STRICT_OBJC_MSGSEND = YES;
				ENABLE_TESTABILITY = YES;
				ENABLE_USER_SCRIPT_SANDBOXING = YES;
				GCC_C_LANGUAGE_STANDARD = gnu17;
				GCC_DYNAMIC_NO_PIC = NO;
				GCC_NO_COMMON_BLOCKS = YES;
				GCC_OPTIMIZATION_LEVEL = 0;
				GCC_PREPROCESSOR_DEFINITIONS = (
					"DEBUG=1",
					"$(inherited)",
				);
				GCC_WARN_64_TO_32_BIT_CONVERSION = YES;
				GCC_WARN_ABOUT_RETURN_TYPE = YES_ERROR;
				GCC_WARN_UNDECLARED_SELECTOR = YES;
				GCC_WARN_UNINITIALIZED_AUTOS = YES_AGGRESSIVE;
				GCC_WARN_UNUSED_FUNCTION = YES;
				GCC_WARN_UNUSED_VARIABLE = YES;
				IPHONEOS_DEPLOYMENT_TARGET = 17.0;
				LOCALIZATION_PREFERS_STRING_CATALOGS = YES;
				MTL_ENABLE_DEBUG_INFO = INCLUDE_SOURCE;
				MTL_FAST_MATH = YES;
				ONLY_ACTIVE_ARCH = YES;
				SDKROOT = iphoneos;
				SWIFT_ACTIVE_COMPILATION_CONDITIONS = "DEBUG $(inherited)";
				SWIFT_OPTIMIZATION_LEVEL = "-Onone";
			};
			name = Debug;
		};
		63DB138E2AED06B80044274A /* Release */ = {
			isa = XCBuildConfiguration;
			buildSettings = {
				ALWAYS_SEARCH_USER_PATHS = NO;
				ASSETCATALOG_COMPILER_GENERATE_SWIFT_ASSET_SYMBOL_EXTENSIONS = YES;
				CLANG_ANALYZER_NONNULL = YES;
				CLANG_ANALYZER_NUMBER_OBJECT_CONVERSION = YES_AGGRESSIVE;
				CLANG_CXX_LANGUAGE_STANDARD = "gnu++20";
				CLANG_ENABLE_MODULES = YES;
				CLANG_ENABLE_OBJC_ARC = YES;
				CLANG_ENABLE_OBJC_WEAK = YES;
				CLANG_WARN_BLOCK_CAPTURE_AUTORELEASING = YES;
				CLANG_WARN_BOOL_CONVERSION = YES;
				CLANG_WARN_COMMA = YES;
				CLANG_WARN_CONSTANT_CONVERSION = YES;
				CLANG_WARN_DEPRECATED_OBJC_IMPLEMENTATIONS = YES;
				CLANG_WARN_DIRECT_OBJC_ISA_USAGE = YES_ERROR;
				CLANG_WARN_DOCUMENTATION_COMMENTS = YES;
				CLANG_WARN_EMPTY_BODY = YES;
				CLANG_WARN_ENUM_CONVERSION = YES;
				CLANG_WARN_INFINITE_RECURSION = YES;
				CLANG_WARN_INT_CONVERSION = YES;
				CLANG_WARN_NON_LITERAL_NULL_CONVERSION = YES;
				CLANG_WARN_OBJC_IMPLICIT_RETAIN_SELF = YES;
				CLANG_WARN_OBJC_LITERAL_CONVERSION = YES;
				CLANG_WARN_OBJC_ROOT_CLASS = YES_ERROR;
				CLANG_WARN_QUOTED_INCLUDE_IN_FRAMEWORK_HEADER = YES;
				CLANG_WARN_RANGE_LOOP_ANALYSIS = YES;
				CLANG_WARN_STRICT_PROTOTYPES = YES;
				CLANG_WARN_SUSPICIOUS_MOVE = YES;
				CLANG_WARN_UNGUARDED_AVAILABILITY = YES_AGGRESSIVE;
				CLANG_WARN_UNREACHABLE_CODE = YES;
				CLANG_WARN__DUPLICATE_METHOD_MATCH = YES;
				COPY_PHASE_STRIP = NO;
				DEBUG_INFORMATION_FORMAT = "dwarf-with-dsym";
				ENABLE_NS_ASSERTIONS = NO;
				ENABLE_STRICT_OBJC_MSGSEND = YES;
				ENABLE_USER_SCRIPT_SANDBOXING = YES;
				GCC_C_LANGUAGE_STANDARD = gnu17;
				GCC_NO_COMMON_BLOCKS = YES;
				GCC_WARN_64_TO_32_BIT_CONVERSION = YES;
				GCC_WARN_ABOUT_RETURN_TYPE = YES_ERROR;
				GCC_WARN_UNDECLARED_SELECTOR = YES;
				GCC_WARN_UNINITIALIZED_AUTOS = YES_AGGRESSIVE;
				GCC_WARN_UNUSED_FUNCTION = YES;
				GCC_WARN_UNUSED_VARIABLE = YES;
				IPHONEOS_DEPLOYMENT_TARGET = 17.0;
				LOCALIZATION_PREFERS_STRING_CATALOGS = YES;
				MTL_ENABLE_DEBUG_INFO = NO;
				MTL_FAST_MATH = YES;
				SDKROOT = iphoneos;
				SWIFT_COMPILATION_MODE = wholemodule;
				VALIDATE_PRODUCT = YES;
			};
			name = Release;
		};
		63DB13902AED06B80044274A /* Debug */ = {
			isa = XCBuildConfiguration;
			buildSettings = {
				ASSETCATALOG_COMPILER_APPICON_NAME = AppIcon;
				ASSETCATALOG_COMPILER_GLOBAL_ACCENT_COLOR_NAME = AccentColor;
				CODE_SIGN_STYLE = Automatic;
				CURRENT_PROJECT_VERSION = 1;
				DEVELOPMENT_ASSET_PATHS = "\"SwiftUI_Study/Preview Content\"";
				DEVELOPMENT_TEAM = ND6356Y385;
				ENABLE_PREVIEWS = YES;
				GENERATE_INFOPLIST_FILE = YES;
				INFOPLIST_KEY_UIApplicationSceneManifest_Generation = YES;
				INFOPLIST_KEY_UIApplicationSupportsIndirectInputEvents = YES;
				INFOPLIST_KEY_UILaunchScreen_Generation = YES;
				INFOPLIST_KEY_UISupportedInterfaceOrientations_iPad = "UIInterfaceOrientationPortrait UIInterfaceOrientationPortraitUpsideDown UIInterfaceOrientationLandscapeLeft UIInterfaceOrientationLandscapeRight";
				INFOPLIST_KEY_UISupportedInterfaceOrientations_iPhone = "UIInterfaceOrientationPortrait UIInterfaceOrientationLandscapeLeft UIInterfaceOrientationLandscapeRight";
				IPHONEOS_DEPLOYMENT_TARGET = 17.0;
				LD_RUNPATH_SEARCH_PATHS = (
					"$(inherited)",
					"@executable_path/Frameworks",
				);
				MARKETING_VERSION = 1.0;
				PRODUCT_BUNDLE_IDENTIFIER = "com.cw.SwiftUI-Study";
				PRODUCT_NAME = "$(TARGET_NAME)";
				SWIFT_EMIT_LOC_STRINGS = YES;
				SWIFT_VERSION = 5.0;
				TARGETED_DEVICE_FAMILY = "1,2";
			};
			name = Debug;
		};
		63DB13912AED06B80044274A /* Release */ = {
			isa = XCBuildConfiguration;
			buildSettings = {
				ASSETCATALOG_COMPILER_APPICON_NAME = AppIcon;
				ASSETCATALOG_COMPILER_GLOBAL_ACCENT_COLOR_NAME = AccentColor;
				CODE_SIGN_STYLE = Automatic;
				CURRENT_PROJECT_VERSION = 1;
				DEVELOPMENT_ASSET_PATHS = "\"SwiftUI_Study/Preview Content\"";
				DEVELOPMENT_TEAM = ND6356Y385;
				ENABLE_PREVIEWS = YES;
				GENERATE_INFOPLIST_FILE = YES;
				INFOPLIST_KEY_UIApplicationSceneManifest_Generation = YES;
				INFOPLIST_KEY_UIApplicationSupportsIndirectInputEvents = YES;
				INFOPLIST_KEY_UILaunchScreen_Generation = YES;
				INFOPLIST_KEY_UISupportedInterfaceOrientations_iPad = "UIInterfaceOrientationPortrait UIInterfaceOrientationPortraitUpsideDown UIInterfaceOrientationLandscapeLeft UIInterfaceOrientationLandscapeRight";
				INFOPLIST_KEY_UISupportedInterfaceOrientations_iPhone = "UIInterfaceOrientationPortrait UIInterfaceOrientationLandscapeLeft UIInterfaceOrientationLandscapeRight";
				IPHONEOS_DEPLOYMENT_TARGET = 17.0;
				LD_RUNPATH_SEARCH_PATHS = (
					"$(inherited)",
					"@executable_path/Frameworks",
				);
				MARKETING_VERSION = 1.0;
				PRODUCT_BUNDLE_IDENTIFIER = "com.cw.SwiftUI-Study";
				PRODUCT_NAME = "$(TARGET_NAME)";
				SWIFT_EMIT_LOC_STRINGS = YES;
				SWIFT_VERSION = 5.0;
				TARGETED_DEVICE_FAMILY = "1,2";
			};
			name = Release;
		};
		63DB13932AED06B80044274A /* Debug */ = {
			isa = XCBuildConfiguration;
			buildSettings = {
				ALWAYS_EMBED_SWIFT_STANDARD_LIBRARIES = YES;
				BUNDLE_LOADER = "$(TEST_HOST)";
				CODE_SIGN_STYLE = Automatic;
				CURRENT_PROJECT_VERSION = 1;
				DEVELOPMENT_TEAM = ND6356Y385;
				GENERATE_INFOPLIST_FILE = YES;
				IPHONEOS_DEPLOYMENT_TARGET = 17.0;
				MARKETING_VERSION = 1.0;
				PRODUCT_BUNDLE_IDENTIFIER = "com.cw.SwiftUI-StudyTests";
				PRODUCT_NAME = "$(TARGET_NAME)";
				SWIFT_EMIT_LOC_STRINGS = NO;
				SWIFT_VERSION = 5.0;
				TARGETED_DEVICE_FAMILY = "1,2";
				TEST_HOST = "$(BUILT_PRODUCTS_DIR)/SwiftUI_Study.app/$(BUNDLE_EXECUTABLE_FOLDER_PATH)/SwiftUI_Study";
			};
			name = Debug;
		};
		63DB13942AED06B80044274A /* Release */ = {
			isa = XCBuildConfiguration;
			buildSettings = {
				ALWAYS_EMBED_SWIFT_STANDARD_LIBRARIES = YES;
				BUNDLE_LOADER = "$(TEST_HOST)";
				CODE_SIGN_STYLE = Automatic;
				CURRENT_PROJECT_VERSION = 1;
				DEVELOPMENT_TEAM = ND6356Y385;
				GENERATE_INFOPLIST_FILE = YES;
				IPHONEOS_DEPLOYMENT_TARGET = 17.0;
				MARKETING_VERSION = 1.0;
				PRODUCT_BUNDLE_IDENTIFIER = "com.cw.SwiftUI-StudyTests";
				PRODUCT_NAME = "$(TARGET_NAME)";
				SWIFT_EMIT_LOC_STRINGS = NO;
				SWIFT_VERSION = 5.0;
				TARGETED_DEVICE_FAMILY = "1,2";
				TEST_HOST = "$(BUILT_PRODUCTS_DIR)/SwiftUI_Study.app/$(BUNDLE_EXECUTABLE_FOLDER_PATH)/SwiftUI_Study";
			};
			name = Release;
		};
		63DB13962AED06B80044274A /* Debug */ = {
			isa = XCBuildConfiguration;
			buildSettings = {
				ALWAYS_EMBED_SWIFT_STANDARD_LIBRARIES = YES;
				CODE_SIGN_STYLE = Automatic;
				CURRENT_PROJECT_VERSION = 1;
				DEVELOPMENT_TEAM = ND6356Y385;
				GENERATE_INFOPLIST_FILE = YES;
				MARKETING_VERSION = 1.0;
				PRODUCT_BUNDLE_IDENTIFIER = "com.cw.SwiftUI-StudyUITests";
				PRODUCT_NAME = "$(TARGET_NAME)";
				SWIFT_EMIT_LOC_STRINGS = NO;
				SWIFT_VERSION = 5.0;
				TARGETED_DEVICE_FAMILY = "1,2";
				TEST_TARGET_NAME = SwiftUI_Study;
			};
			name = Debug;
		};
		63DB13972AED06B80044274A /* Release */ = {
			isa = XCBuildConfiguration;
			buildSettings = {
				ALWAYS_EMBED_SWIFT_STANDARD_LIBRARIES = YES;
				CODE_SIGN_STYLE = Automatic;
				CURRENT_PROJECT_VERSION = 1;
				DEVELOPMENT_TEAM = ND6356Y385;
				GENERATE_INFOPLIST_FILE = YES;
				MARKETING_VERSION = 1.0;
				PRODUCT_BUNDLE_IDENTIFIER = "com.cw.SwiftUI-StudyUITests";
				PRODUCT_NAME = "$(TARGET_NAME)";
				SWIFT_EMIT_LOC_STRINGS = NO;
				SWIFT_VERSION = 5.0;
				TARGETED_DEVICE_FAMILY = "1,2";
				TEST_TARGET_NAME = SwiftUI_Study;
			};
			name = Release;
		};
/* End XCBuildConfiguration section */

/* Begin XCConfigurationList section */
		63DB13662AED06B70044274A /* Build configuration list for PBXProject "SwiftUI_Study" */ = {
			isa = XCConfigurationList;
			buildConfigurations = (
				63DB138D2AED06B80044274A /* Debug */,
				63DB138E2AED06B80044274A /* Release */,
			);
			defaultConfigurationIsVisible = 0;
			defaultConfigurationName = Release;
		};
		63DB138F2AED06B80044274A /* Build configuration list for PBXNativeTarget "SwiftUI_Study" */ = {
			isa = XCConfigurationList;
			buildConfigurations = (
				63DB13902AED06B80044274A /* Debug */,
				63DB13912AED06B80044274A /* Release */,
			);
			defaultConfigurationIsVisible = 0;
			defaultConfigurationName = Release;
		};
		63DB13922AED06B80044274A /* Build configuration list for PBXNativeTarget "SwiftUI_StudyTests" */ = {
			isa = XCConfigurationList;
			buildConfigurations = (
				63DB13932AED06B80044274A /* Debug */,
				63DB13942AED06B80044274A /* Release */,
			);
			defaultConfigurationIsVisible = 0;
			defaultConfigurationName = Release;
		};
		63DB13952AED06B80044274A /* Build configuration list for PBXNativeTarget "SwiftUI_StudyUITests" */ = {
			isa = XCConfigurationList;
			buildConfigurations = (
				63DB13962AED06B80044274A /* Debug */,
				63DB13972AED06B80044274A /* Release */,
			);
			defaultConfigurationIsVisible = 0;
			defaultConfigurationName = Release;
		};
/* End XCConfigurationList section */
	};
	rootObject = 63DB13632AED06B70044274A /* Project object */;
}
