// !$*UTF8*$!
{
	archiveVersion = 1;
	classes = {
	};
	objectVersion = 56;
	objects = {

/* Begin PBXBuildFile section */
		63C38FE22B0CF5B100764936 /* KaKao_LoginApp.swift in Sources */ = {isa = PBXBuildFile; fileRef = 63C38FE12B0CF5B100764936 /* KaKao_LoginApp.swift */; };
		63C38FE42B0CF5B100764936 /* ContentView.swift in Sources */ = {isa = PBXBuildFile; fileRef = 63C38FE32B0CF5B100764936 /* ContentView.swift */; };
		63C38FE62B0CF5B200764936 /* Assets.xcassets in Resources */ = {isa = PBXBuildFile; fileRef = 63C38FE52B0CF5B200764936 /* Assets.xcassets */; };
		63C38FE92B0CF5B200764936 /* Preview Assets.xcassets in Resources */ = {isa = PBXBuildFile; fileRef = 63C38FE82B0CF5B200764936 /* Preview Assets.xcassets */; };
		63C38FF12B0CF65700764936 /* KakaoSDK in Frameworks */ = {isa = PBXBuildFile; productRef = 63C38FF02B0CF65700764936 /* KakaoSDK */; };
		63C38FF32B0CF65700764936 /* KakaoSDKAuth in Frameworks */ = {isa = PBXBuildFile; productRef = 63C38FF22B0CF65700764936 /* KakaoSDKAuth */; };
		63C38FF52B0CF65700764936 /* KakaoSDKCert in Frameworks */ = {isa = PBXBuildFile; productRef = 63C38FF42B0CF65700764936 /* KakaoSDKCert */; };
		63C38FF72B0CF65700764936 /* KakaoSDKCertCore in Frameworks */ = {isa = PBXBuildFile; productRef = 63C38FF62B0CF65700764936 /* KakaoSDKCertCore */; };
		63C38FF92B0CF65700764936 /* KakaoSDKCommon in Frameworks */ = {isa = PBXBuildFile; productRef = 63C38FF82B0CF65700764936 /* KakaoSDKCommon */; };
		63C38FFB2B0CF65700764936 /* KakaoSDKFriend in Frameworks */ = {isa = PBXBuildFile; productRef = 63C38FFA2B0CF65700764936 /* KakaoSDKFriend */; };
		63C38FFD2B0CF65700764936 /* KakaoSDKFriendCore in Frameworks */ = {isa = PBXBuildFile; productRef = 63C38FFC2B0CF65700764936 /* KakaoSDKFriendCore */; };
		63C38FFF2B0CF65700764936 /* KakaoSDKNavi in Frameworks */ = {isa = PBXBuildFile; productRef = 63C38FFE2B0CF65700764936 /* KakaoSDKNavi */; };
		63C390012B0CF65700764936 /* KakaoSDKShare in Frameworks */ = {isa = PBXBuildFile; productRef = 63C390002B0CF65700764936 /* KakaoSDKShare */; };
		63C390032B0CF65700764936 /* KakaoSDKTalk in Frameworks */ = {isa = PBXBuildFile; productRef = 63C390022B0CF65700764936 /* KakaoSDKTalk */; };
		63C390052B0CF65700764936 /* KakaoSDKTemplate in Frameworks */ = {isa = PBXBuildFile; productRef = 63C390042B0CF65700764936 /* KakaoSDKTemplate */; };
		63C390072B0CF65700764936 /* KakaoSDKUser in Frameworks */ = {isa = PBXBuildFile; productRef = 63C390062B0CF65700764936 /* KakaoSDKUser */; };
		63C3900F2B0D087100764936 /* KaKaoAuthVM.swift in Sources */ = {isa = PBXBuildFile; fileRef = 63C3900E2B0D087100764936 /* KaKaoAuthVM.swift */; };
/* End PBXBuildFile section */

/* Begin PBXFileReference section */
		633663452B0D37F3005F8158 /* Config.xcconfig */ = {isa = PBXFileReference; lastKnownFileType = text.xcconfig; path = Config.xcconfig; sourceTree = "<group>"; };
		63C38FDE2B0CF5B100764936 /* KaKao_Login.app */ = {isa = PBXFileReference; explicitFileType = wrapper.application; includeInIndex = 0; path = KaKao_Login.app; sourceTree = BUILT_PRODUCTS_DIR; };
		63C38FE12B0CF5B100764936 /* KaKao_LoginApp.swift */ = {isa = PBXFileReference; lastKnownFileType = sourcecode.swift; path = KaKao_LoginApp.swift; sourceTree = "<group>"; };
		63C38FE32B0CF5B100764936 /* ContentView.swift */ = {isa = PBXFileReference; lastKnownFileType = sourcecode.swift; path = ContentView.swift; sourceTree = "<group>"; };
		63C38FE52B0CF5B200764936 /* Assets.xcassets */ = {isa = PBXFileReference; lastKnownFileType = folder.assetcatalog; path = Assets.xcassets; sourceTree = "<group>"; };
		63C38FE82B0CF5B200764936 /* Preview Assets.xcassets */ = {isa = PBXFileReference; lastKnownFileType = folder.assetcatalog; path = "Preview Assets.xcassets"; sourceTree = "<group>"; };
		63C390082B0CF6CE00764936 /* info.plist */ = {isa = PBXFileReference; lastKnownFileType = text.plist.xml; path = info.plist; sourceTree = SOURCE_ROOT; };
		63C3900E2B0D087100764936 /* KaKaoAuthVM.swift */ = {isa = PBXFileReference; lastKnownFileType = sourcecode.swift; path = KaKaoAuthVM.swift; sourceTree = "<group>"; };
/* End PBXFileReference section */

/* Begin PBXFrameworksBuildPhase section */
		63C38FDB2B0CF5B100764936 /* Frameworks */ = {
			isa = PBXFrameworksBuildPhase;
			buildActionMask = 2147483647;
			files = (
				63C38FFD2B0CF65700764936 /* KakaoSDKFriendCore in Frameworks */,
				63C38FF72B0CF65700764936 /* KakaoSDKCertCore in Frameworks */,
				63C38FF52B0CF65700764936 /* KakaoSDKCert in Frameworks */,
				63C390052B0CF65700764936 /* KakaoSDKTemplate in Frameworks */,
				63C38FFF2B0CF65700764936 /* KakaoSDKNavi in Frameworks */,
				63C38FF12B0CF65700764936 /* KakaoSDK in Frameworks */,
				63C38FF92B0CF65700764936 /* KakaoSDKCommon in Frameworks */,
				63C38FF32B0CF65700764936 /* KakaoSDKAuth in Frameworks */,
				63C390072B0CF65700764936 /* KakaoSDKUser in Frameworks */,
				63C390032B0CF65700764936 /* KakaoSDKTalk in Frameworks */,
				63C38FFB2B0CF65700764936 /* KakaoSDKFriend in Frameworks */,
				63C390012B0CF65700764936 /* KakaoSDKShare in Frameworks */,
			);
			runOnlyForDeploymentPostprocessing = 0;
		};
/* End PBXFrameworksBuildPhase section */

/* Begin PBXGroup section */
		63C38FD52B0CF5B100764936 = {
			isa = PBXGroup;
			children = (
				63C38FE02B0CF5B100764936 /* KaKao_Login */,
				63C38FDF2B0CF5B100764936 /* Products */,
			);
			sourceTree = "<group>";
		};
		63C38FDF2B0CF5B100764936 /* Products */ = {
			isa = PBXGroup;
			children = (
				63C38FDE2B0CF5B100764936 /* KaKao_Login.app */,
			);
			name = Products;
			sourceTree = "<group>";
		};
		63C38FE02B0CF5B100764936 /* KaKao_Login */ = {
			isa = PBXGroup;
			children = (
				63C390082B0CF6CE00764936 /* info.plist */,
				63C38FE12B0CF5B100764936 /* KaKao_LoginApp.swift */,
				63C38FE32B0CF5B100764936 /* ContentView.swift */,
				63C3900E2B0D087100764936 /* KaKaoAuthVM.swift */,
				63C38FE52B0CF5B200764936 /* Assets.xcassets */,
				63C38FE72B0CF5B200764936 /* Preview Content */,
				633663452B0D37F3005F8158 /* Config.xcconfig */,
			);
			path = KaKao_Login;
			sourceTree = "<group>";
		};
		63C38FE72B0CF5B200764936 /* Preview Content */ = {
			isa = PBXGroup;
			children = (
				63C38FE82B0CF5B200764936 /* Preview Assets.xcassets */,
			);
			path = "Preview Content";
			sourceTree = "<group>";
		};
/* End PBXGroup section */

/* Begin PBXNativeTarget section */
		63C38FDD2B0CF5B100764936 /* KaKao_Login */ = {
			isa = PBXNativeTarget;
			buildConfigurationList = 63C38FEC2B0CF5B200764936 /* Build configuration list for PBXNativeTarget "KaKao_Login" */;
			buildPhases = (
				63C38FDA2B0CF5B100764936 /* Sources */,
				63C38FDB2B0CF5B100764936 /* Frameworks */,
				63C38FDC2B0CF5B100764936 /* Resources */,
			);
			buildRules = (
			);
			dependencies = (
			);
			name = KaKao_Login;
			packageProductDependencies = (
				63C38FF02B0CF65700764936 /* KakaoSDK */,
				63C38FF22B0CF65700764936 /* KakaoSDKAuth */,
				63C38FF42B0CF65700764936 /* KakaoSDKCert */,
				63C38FF62B0CF65700764936 /* KakaoSDKCertCore */,
				63C38FF82B0CF65700764936 /* KakaoSDKCommon */,
				63C38FFA2B0CF65700764936 /* KakaoSDKFriend */,
				63C38FFC2B0CF65700764936 /* KakaoSDKFriendCore */,
				63C38FFE2B0CF65700764936 /* KakaoSDKNavi */,
				63C390002B0CF65700764936 /* KakaoSDKShare */,
				63C390022B0CF65700764936 /* KakaoSDKTalk */,
				63C390042B0CF65700764936 /* KakaoSDKTemplate */,
				63C390062B0CF65700764936 /* KakaoSDKUser */,
			);
			productName = KaKao_Login;
			productReference = 63C38FDE2B0CF5B100764936 /* KaKao_Login.app */;
			productType = "com.apple.product-type.application";
		};
/* End PBXNativeTarget section */

/* Begin PBXProject section */
		63C38FD62B0CF5B100764936 /* Project object */ = {
			isa = PBXProject;
			attributes = {
				BuildIndependentTargetsInParallel = 1;
				LastSwiftUpdateCheck = 1500;
				LastUpgradeCheck = 1500;
				TargetAttributes = {
					63C38FDD2B0CF5B100764936 = {
						CreatedOnToolsVersion = 15.0.1;
					};
				};
			};
			buildConfigurationList = 63C38FD92B0CF5B100764936 /* Build configuration list for PBXProject "KaKao_Login" */;
			compatibilityVersion = "Xcode 14.0";
			developmentRegion = en;
			hasScannedForEncodings = 0;
			knownRegions = (
				en,
				Base,
			);
			mainGroup = 63C38FD52B0CF5B100764936;
			packageReferences = (
				63C38FEF2B0CF65600764936 /* XCRemoteSwiftPackageReference "kakao-ios-sdk" */,
			);
			productRefGroup = 63C38FDF2B0CF5B100764936 /* Products */;
			projectDirPath = "";
			projectRoot = "";
			targets = (
				63C38FDD2B0CF5B100764936 /* KaKao_Login */,
			);
		};
/* End PBXProject section */

/* Begin PBXResourcesBuildPhase section */
		63C38FDC2B0CF5B100764936 /* Resources */ = {
			isa = PBXResourcesBuildPhase;
			buildActionMask = 2147483647;
			files = (
				63C38FE92B0CF5B200764936 /* Preview Assets.xcassets in Resources */,
				63C38FE62B0CF5B200764936 /* Assets.xcassets in Resources */,
			);
			runOnlyForDeploymentPostprocessing = 0;
		};
/* End PBXResourcesBuildPhase section */

/* Begin PBXSourcesBuildPhase section */
		63C38FDA2B0CF5B100764936 /* Sources */ = {
			isa = PBXSourcesBuildPhase;
			buildActionMask = 2147483647;
			files = (
				63C38FE42B0CF5B100764936 /* ContentView.swift in Sources */,
				63C38FE22B0CF5B100764936 /* KaKao_LoginApp.swift in Sources */,
				63C3900F2B0D087100764936 /* KaKaoAuthVM.swift in Sources */,
			);
			runOnlyForDeploymentPostprocessing = 0;
		};
/* End PBXSourcesBuildPhase section */

/* Begin XCBuildConfiguration section */
		63C38FEA2B0CF5B200764936 /* Debug */ = {
			isa = XCBuildConfiguration;
			buildSettings = {
				ALWAYS_SEARCH_USER_PATHS = NO;
				ASSETCATALOG_COMPILER_GENERATE_SWIFT_ASSET_SYMBOL_EXTENSIONS = YES;
				CLANG_ANALYZER_NONNULL = YES;
				CLANG_ANALYZER_NUMBER_OBJECT_CONVERSION = YES_AGGRESSIVE;
				CLANG_CXX_LANGUAGE_STANDARD = "gnu++20";
				CLANG_ENABLE_MODULES = YES;
				CLANG_ENABLE_OBJC_ARC = YES;
				CLANG_ENABLE_OBJC_WEAK = YES;
				CLANG_WARN_BLOCK_CAPTURE_AUTORELEASING = YES;
				CLANG_WARN_BOOL_CONVERSION = YES;
				CLANG_WARN_COMMA = YES;
				CLANG_WARN_CONSTANT_CONVERSION = YES;
				CLANG_WARN_DEPRECATED_OBJC_IMPLEMENTATIONS = YES;
				CLANG_WARN_DIRECT_OBJC_ISA_USAGE = YES_ERROR;
				CLANG_WARN_DOCUMENTATION_COMMENTS = YES;
				CLANG_WARN_EMPTY_BODY = YES;
				CLANG_WARN_ENUM_CONVERSION = YES;
				CLANG_WARN_INFINITE_RECURSION = YES;
				CLANG_WARN_INT_CONVERSION = YES;
				CLANG_WARN_NON_LITERAL_NULL_CONVERSION = YES;
				CLANG_WARN_OBJC_IMPLICIT_RETAIN_SELF = YES;
				CLANG_WARN_OBJC_LITERAL_CONVERSION = YES;
				CLANG_WARN_OBJC_ROOT_CLASS = YES_ERROR;
				CLANG_WARN_QUOTED_INCLUDE_IN_FRAMEWORK_HEADER = YES;
				CLANG_WARN_RANGE_LOOP_ANALYSIS = YES;
				CLANG_WARN_STRICT_PROTOTYPES = YES;
				CLANG_WARN_SUSPICIOUS_MOVE = YES;
				CLANG_WARN_UNGUARDED_AVAILABILITY = YES_AGGRESSIVE;
				CLANG_WARN_UNREACHABLE_CODE = YES;
				CLANG_WARN__DUPLICATE_METHOD_MATCH = YES;
				COPY_PHASE_STRIP = NO;
				DEBUG_INFORMATION_FORMAT = dwarf;
				ENABLE_STRICT_OBJC_MSGSEND = YES;
				ENABLE_TESTABILITY = YES;
				ENABLE_USER_SCRIPT_SANDBOXING = YES;
				GCC_C_LANGUAGE_STANDARD = gnu17;
				GCC_DYNAMIC_NO_PIC = NO;
				GCC_NO_COMMON_BLOCKS = YES;
				GCC_OPTIMIZATION_LEVEL = 0;
				GCC_PREPROCESSOR_DEFINITIONS = (
					"DEBUG=1",
					"$(inherited)",
				);
				GCC_WARN_64_TO_32_BIT_CONVERSION = YES;
				GCC_WARN_ABOUT_RETURN_TYPE = YES_ERROR;
				GCC_WARN_UNDECLARED_SELECTOR = YES;
				GCC_WARN_UNINITIALIZED_AUTOS = YES_AGGRESSIVE;
				GCC_WARN_UNUSED_FUNCTION = YES;
				GCC_WARN_UNUSED_VARIABLE = YES;
				IPHONEOS_DEPLOYMENT_TARGET = 17.0;
				LOCALIZATION_PREFERS_STRING_CATALOGS = YES;
				MTL_ENABLE_DEBUG_INFO = INCLUDE_SOURCE;
				MTL_FAST_MATH = YES;
				ONLY_ACTIVE_ARCH = YES;
				SDKROOT = iphoneos;
				SWIFT_ACTIVE_COMPILATION_CONDITIONS = "DEBUG $(inherited)";
				SWIFT_OPTIMIZATION_LEVEL = "-Onone";
			};
			name = Debug;
		};
		63C38FEB2B0CF5B200764936 /* Release */ = {
			isa = XCBuildConfiguration;
			buildSettings = {
				ALWAYS_SEARCH_USER_PATHS = NO;
				ASSETCATALOG_COMPILER_GENERATE_SWIFT_ASSET_SYMBOL_EXTENSIONS = YES;
				CLANG_ANALYZER_NONNULL = YES;
				CLANG_ANALYZER_NUMBER_OBJECT_CONVERSION = YES_AGGRESSIVE;
				CLANG_CXX_LANGUAGE_STANDARD = "gnu++20";
				CLANG_ENABLE_MODULES = YES;
				CLANG_ENABLE_OBJC_ARC = YES;
				CLANG_ENABLE_OBJC_WEAK = YES;
				CLANG_WARN_BLOCK_CAPTURE_AUTORELEASING = YES;
				CLANG_WARN_BOOL_CONVERSION = YES;
				CLANG_WARN_COMMA = YES;
				CLANG_WARN_CONSTANT_CONVERSION = YES;
				CLANG_WARN_DEPRECATED_OBJC_IMPLEMENTATIONS = YES;
				CLANG_WARN_DIRECT_OBJC_ISA_USAGE = YES_ERROR;
				CLANG_WARN_DOCUMENTATION_COMMENTS = YES;
				CLANG_WARN_EMPTY_BODY = YES;
				CLANG_WARN_ENUM_CONVERSION = YES;
				CLANG_WARN_INFINITE_RECURSION = YES;
				CLANG_WARN_INT_CONVERSION = YES;
				CLANG_WARN_NON_LITERAL_NULL_CONVERSION = YES;
				CLANG_WARN_OBJC_IMPLICIT_RETAIN_SELF = YES;
				CLANG_WARN_OBJC_LITERAL_CONVERSION = YES;
				CLANG_WARN_OBJC_ROOT_CLASS = YES_ERROR;
				CLANG_WARN_QUOTED_INCLUDE_IN_FRAMEWORK_HEADER = YES;
				CLANG_WARN_RANGE_LOOP_ANALYSIS = YES;
				CLANG_WARN_STRICT_PROTOTYPES = YES;
				CLANG_WARN_SUSPICIOUS_MOVE = YES;
				CLANG_WARN_UNGUARDED_AVAILABILITY = YES_AGGRESSIVE;
				CLANG_WARN_UNREACHABLE_CODE = YES;
				CLANG_WARN__DUPLICATE_METHOD_MATCH = YES;
				COPY_PHASE_STRIP = NO;
				DEBUG_INFORMATION_FORMAT = "dwarf-with-dsym";
				ENABLE_NS_ASSERTIONS = NO;
				ENABLE_STRICT_OBJC_MSGSEND = YES;
				ENABLE_USER_SCRIPT_SANDBOXING = YES;
				GCC_C_LANGUAGE_STANDARD = gnu17;
				GCC_NO_COMMON_BLOCKS = YES;
				GCC_WARN_64_TO_32_BIT_CONVERSION = YES;
				GCC_WARN_ABOUT_RETURN_TYPE = YES_ERROR;
				GCC_WARN_UNDECLARED_SELECTOR = YES;
				GCC_WARN_UNINITIALIZED_AUTOS = YES_AGGRESSIVE;
				GCC_WARN_UNUSED_FUNCTION = YES;
				GCC_WARN_UNUSED_VARIABLE = YES;
				IPHONEOS_DEPLOYMENT_TARGET = 17.0;
				LOCALIZATION_PREFERS_STRING_CATALOGS = YES;
				MTL_ENABLE_DEBUG_INFO = NO;
				MTL_FAST_MATH = YES;
				SDKROOT = iphoneos;
				SWIFT_COMPILATION_MODE = wholemodule;
				VALIDATE_PRODUCT = YES;
			};
			name = Release;
		};
		63C38FED2B0CF5B200764936 /* Debug */ = {
			isa = XCBuildConfiguration;
			buildSettings = {
				ASSETCATALOG_COMPILER_APPICON_NAME = AppIcon;
				ASSETCATALOG_COMPILER_GLOBAL_ACCENT_COLOR_NAME = AccentColor;
				CODE_SIGN_STYLE = Automatic;
				CURRENT_PROJECT_VERSION = 1;
				DEVELOPMENT_ASSET_PATHS = "\"KaKao_Login/Preview Content\"";
				DEVELOPMENT_TEAM = ND6356Y385;
				ENABLE_PREVIEWS = YES;
				GENERATE_INFOPLIST_FILE = YES;
				INFOPLIST_FILE = "KaKao-Login-Info.plist";
				INFOPLIST_KEY_UIApplicationSceneManifest_Generation = YES;
				INFOPLIST_KEY_UIApplicationSupportsIndirectInputEvents = YES;
				INFOPLIST_KEY_UILaunchScreen_Generation = YES;
				INFOPLIST_KEY_UISupportedInterfaceOrientations_iPad = "UIInterfaceOrientationPortrait UIInterfaceOrientationPortraitUpsideDown UIInterfaceOrientationLandscapeLeft UIInterfaceOrientationLandscapeRight";
				INFOPLIST_KEY_UISupportedInterfaceOrientations_iPhone = "UIInterfaceOrientationPortrait UIInterfaceOrientationLandscapeLeft UIInterfaceOrientationLandscapeRight";
				IPHONEOS_DEPLOYMENT_TARGET = 17.0;
				LD_RUNPATH_SEARCH_PATHS = (
					"$(inherited)",
					"@executable_path/Frameworks",
				);
				MARKETING_VERSION = 1.0;
				PRODUCT_BUNDLE_IDENTIFIER = "com.cw.KaKao-Login";
				PRODUCT_NAME = "$(TARGET_NAME)";
				SWIFT_EMIT_LOC_STRINGS = YES;
				SWIFT_VERSION = 5.0;
				TARGETED_DEVICE_FAMILY = "1,2";
			};
			name = Debug;
		};
		63C38FEE2B0CF5B200764936 /* Release */ = {
			isa = XCBuildConfiguration;
			buildSettings = {
				ASSETCATALOG_COMPILER_APPICON_NAME = AppIcon;
				ASSETCATALOG_COMPILER_GLOBAL_ACCENT_COLOR_NAME = AccentColor;
				CODE_SIGN_STYLE = Automatic;
				CURRENT_PROJECT_VERSION = 1;
				DEVELOPMENT_ASSET_PATHS = "\"KaKao_Login/Preview Content\"";
				DEVELOPMENT_TEAM = ND6356Y385;
				ENABLE_PREVIEWS = YES;
				GENERATE_INFOPLIST_FILE = YES;
				INFOPLIST_FILE = "KaKao-Login-Info.plist";
				INFOPLIST_KEY_UIApplicationSceneManifest_Generation = YES;
				INFOPLIST_KEY_UIApplicationSupportsIndirectInputEvents = YES;
				INFOPLIST_KEY_UILaunchScreen_Generation = YES;
				INFOPLIST_KEY_UISupportedInterfaceOrientations_iPad = "UIInterfaceOrientationPortrait UIInterfaceOrientationPortraitUpsideDown UIInterfaceOrientationLandscapeLeft UIInterfaceOrientationLandscapeRight";
				INFOPLIST_KEY_UISupportedInterfaceOrientations_iPhone = "UIInterfaceOrientationPortrait UIInterfaceOrientationLandscapeLeft UIInterfaceOrientationLandscapeRight";
				IPHONEOS_DEPLOYMENT_TARGET = 17.0;
				LD_RUNPATH_SEARCH_PATHS = (
					"$(inherited)",
					"@executable_path/Frameworks",
				);
				MARKETING_VERSION = 1.0;
				PRODUCT_BUNDLE_IDENTIFIER = "com.cw.KaKao-Login";
				PRODUCT_NAME = "$(TARGET_NAME)";
				SWIFT_EMIT_LOC_STRINGS = YES;
				SWIFT_VERSION = 5.0;
				TARGETED_DEVICE_FAMILY = "1,2";
			};
			name = Release;
		};
/* End XCBuildConfiguration section */

/* Begin XCConfigurationList section */
		63C38FD92B0CF5B100764936 /* Build configuration list for PBXProject "KaKao_Login" */ = {
			isa = XCConfigurationList;
			buildConfigurations = (
				63C38FEA2B0CF5B200764936 /* Debug */,
				63C38FEB2B0CF5B200764936 /* Release */,
			);
			defaultConfigurationIsVisible = 0;
			defaultConfigurationName = Release;
		};
		63C38FEC2B0CF5B200764936 /* Build configuration list for PBXNativeTarget "KaKao_Login" */ = {
			isa = XCConfigurationList;
			buildConfigurations = (
				63C38FED2B0CF5B200764936 /* Debug */,
				63C38FEE2B0CF5B200764936 /* Release */,
			);
			defaultConfigurationIsVisible = 0;
			defaultConfigurationName = Release;
		};
/* End XCConfigurationList section */

/* Begin XCRemoteSwiftPackageReference section */
		63C38FEF2B0CF65600764936 /* XCRemoteSwiftPackageReference "kakao-ios-sdk" */ = {
			isa = XCRemoteSwiftPackageReference;
			repositoryURL = "https://github.com/kakao/kakao-ios-sdk";
			requirement = {
				kind = upToNextMajorVersion;
				minimumVersion = 2.19.0;
			};
		};
/* End XCRemoteSwiftPackageReference section */

/* Begin XCSwiftPackageProductDependency section */
		63C38FF02B0CF65700764936 /* KakaoSDK */ = {
			isa = XCSwiftPackageProductDependency;
			package = 63C38FEF2B0CF65600764936 /* XCRemoteSwiftPackageReference "kakao-ios-sdk" */;
			productName = KakaoSDK;
		};
		63C38FF22B0CF65700764936 /* KakaoSDKAuth */ = {
			isa = XCSwiftPackageProductDependency;
			package = 63C38FEF2B0CF65600764936 /* XCRemoteSwiftPackageReference "kakao-ios-sdk" */;
			productName = KakaoSDKAuth;
		};
		63C38FF42B0CF65700764936 /* KakaoSDKCert */ = {
			isa = XCSwiftPackageProductDependency;
			package = 63C38FEF2B0CF65600764936 /* XCRemoteSwiftPackageReference "kakao-ios-sdk" */;
			productName = KakaoSDKCert;
		};
		63C38FF62B0CF65700764936 /* KakaoSDKCertCore */ = {
			isa = XCSwiftPackageProductDependency;
			package = 63C38FEF2B0CF65600764936 /* XCRemoteSwiftPackageReference "kakao-ios-sdk" */;
			productName = KakaoSDKCertCore;
		};
		63C38FF82B0CF65700764936 /* KakaoSDKCommon */ = {
			isa = XCSwiftPackageProductDependency;
			package = 63C38FEF2B0CF65600764936 /* XCRemoteSwiftPackageReference "kakao-ios-sdk" */;
			productName = KakaoSDKCommon;
		};
		63C38FFA2B0CF65700764936 /* KakaoSDKFriend */ = {
			isa = XCSwiftPackageProductDependency;
			package = 63C38FEF2B0CF65600764936 /* XCRemoteSwiftPackageReference "kakao-ios-sdk" */;
			productName = KakaoSDKFriend;
		};
		63C38FFC2B0CF65700764936 /* KakaoSDKFriendCore */ = {
			isa = XCSwiftPackageProductDependency;
			package = 63C38FEF2B0CF65600764936 /* XCRemoteSwiftPackageReference "kakao-ios-sdk" */;
			productName = KakaoSDKFriendCore;
		};
		63C38FFE2B0CF65700764936 /* KakaoSDKNavi */ = {
			isa = XCSwiftPackageProductDependency;
			package = 63C38FEF2B0CF65600764936 /* XCRemoteSwiftPackageReference "kakao-ios-sdk" */;
			productName = KakaoSDKNavi;
		};
		63C390002B0CF65700764936 /* KakaoSDKShare */ = {
			isa = XCSwiftPackageProductDependency;
			package = 63C38FEF2B0CF65600764936 /* XCRemoteSwiftPackageReference "kakao-ios-sdk" */;
			productName = KakaoSDKShare;
		};
		63C390022B0CF65700764936 /* KakaoSDKTalk */ = {
			isa = XCSwiftPackageProductDependency;
			package = 63C38FEF2B0CF65600764936 /* XCRemoteSwiftPackageReference "kakao-ios-sdk" */;
			productName = KakaoSDKTalk;
		};
		63C390042B0CF65700764936 /* KakaoSDKTemplate */ = {
			isa = XCSwiftPackageProductDependency;
			package = 63C38FEF2B0CF65600764936 /* XCRemoteSwiftPackageReference "kakao-ios-sdk" */;
			productName = KakaoSDKTemplate;
		};
		63C390062B0CF65700764936 /* KakaoSDKUser */ = {
			isa = XCSwiftPackageProductDependency;
			package = 63C38FEF2B0CF65600764936 /* XCRemoteSwiftPackageReference "kakao-ios-sdk" */;
			productName = KakaoSDKUser;
		};
/* End XCSwiftPackageProductDependency section */
	};
	rootObject = 63C38FD62B0CF5B100764936 /* Project object */;
}
