// !$*UTF8*$!
{
	archiveVersion = 1;
	classes = {
	};
	objectVersion = 56;
	objects = {

/* Begin PBXBuildFile section */
		63C38FE22B0CF5B100764936 /* KaKao_LoginApp.swift in Sources */ = {isa = PBXBuildFile; fileRef = 63C38FE12B0CF5B100764936 /* KaKao_LoginApp.swift */; };
		63C38FE42B0CF5B100764936 /* ContentView.swift in Sources */ = {isa = PBXBuildFile; fileRef = 63C38FE32B0CF5B100764936 /* ContentView.swift */; };
		63C38FE62B0CF5B200764936 /* Assets.xcassets in Resources */ = {isa = PBXBuildFile; fileRef = 63C38FE52B0CF5B200764936 /* Assets.xcassets */; };
		63C38FE92B0CF5B200764936 /* Preview Assets.xcassets in Resources */ = {isa = PBXBuildFile; fileRef = 63C38FE82B0CF5B200764936 /* Preview Assets.xcassets */; };
		63C3900F2B0D087100764936 /* KaKaoAuthVM.swift in Sources */ = {isa = PBXBuildFile; fileRef = 63C3900E2B0D087100764936 /* KaKaoAuthVM.swift */; };
		63D429462B0DCD7400E7876B /* UserData.swift in Sources */ = {isa = PBXBuildFile; fileRef = 63D429452B0DCD7400E7876B /* UserData.swift */; };
		63D4294A2B0DCE7B00E7876B /* NextPageView.swift in Sources */ = {isa = PBXBuildFile; fileRef = 63D429492B0DCE7B00E7876B /* NextPageView.swift */; };
		63D4294E2B0DD92500E7876B /* KakaoPageView.swift in Sources */ = {isa = PBXBuildFile; fileRef = 63D4294D2B0DD92500E7876B /* KakaoPageView.swift */; };
		FC9F55D457E91F158DC6B270 /* Pods_KaKao_Login.framework in Frameworks */ = {isa = PBXBuildFile; fileRef = BB113FD47918CEEA33A3B035 /* Pods_KaKao_Login.framework */; };
/* End PBXBuildFile section */

/* Begin PBXFileReference section */
		18E4AE76D956E47F26BCABBF /* Pods-KaKao_Login.debug.xcconfig */ = {isa = PBXFileReference; includeInIndex = 1; lastKnownFileType = text.xcconfig; name = "Pods-KaKao_Login.debug.xcconfig"; path = "Target Support Files/Pods-KaKao_Login/Pods-KaKao_Login.debug.xcconfig"; sourceTree = "<group>"; };
		633663452B0D37F3005F8158 /* Config.xcconfig */ = {isa = PBXFileReference; lastKnownFileType = text.xcconfig; path = Config.xcconfig; sourceTree = "<group>"; };
		63C38FDE2B0CF5B100764936 /* KaKao_Login.app */ = {isa = PBXFileReference; explicitFileType = wrapper.application; includeInIndex = 0; path = KaKao_Login.app; sourceTree = BUILT_PRODUCTS_DIR; };
		63C38FE12B0CF5B100764936 /* KaKao_LoginApp.swift */ = {isa = PBXFileReference; lastKnownFileType = sourcecode.swift; path = KaKao_LoginApp.swift; sourceTree = "<group>"; };
		63C38FE32B0CF5B100764936 /* ContentView.swift */ = {isa = PBXFileReference; lastKnownFileType = sourcecode.swift; path = ContentView.swift; sourceTree = "<group>"; };
		63C38FE52B0CF5B200764936 /* Assets.xcassets */ = {isa = PBXFileReference; lastKnownFileType = folder.assetcatalog; path = Assets.xcassets; sourceTree = "<group>"; };
		63C38FE82B0CF5B200764936 /* Preview Assets.xcassets */ = {isa = PBXFileReference; lastKnownFileType = folder.assetcatalog; path = "Preview Assets.xcassets"; sourceTree = "<group>"; };
		63C390082B0CF6CE00764936 /* info.plist */ = {isa = PBXFileReference; lastKnownFileType = text.plist.xml; path = info.plist; sourceTree = SOURCE_ROOT; };
		63C3900E2B0D087100764936 /* KaKaoAuthVM.swift */ = {isa = PBXFileReference; lastKnownFileType = sourcecode.swift; path = KaKaoAuthVM.swift; sourceTree = "<group>"; };
		63D429452B0DCD7400E7876B /* UserData.swift */ = {isa = PBXFileReference; lastKnownFileType = sourcecode.swift; path = UserData.swift; sourceTree = "<group>"; };
		63D429492B0DCE7B00E7876B /* NextPageView.swift */ = {isa = PBXFileReference; lastKnownFileType = sourcecode.swift; path = NextPageView.swift; sourceTree = "<group>"; };
		63D4294D2B0DD92500E7876B /* KakaoPageView.swift */ = {isa = PBXFileReference; lastKnownFileType = sourcecode.swift; path = KakaoPageView.swift; sourceTree = "<group>"; };
		7025A4F4C3B6E1BD35497DDF /* Pods-KaKao_Login.release.xcconfig */ = {isa = PBXFileReference; includeInIndex = 1; lastKnownFileType = text.xcconfig; name = "Pods-KaKao_Login.release.xcconfig"; path = "Target Support Files/Pods-KaKao_Login/Pods-KaKao_Login.release.xcconfig"; sourceTree = "<group>"; };
		BB113FD47918CEEA33A3B035 /* Pods_KaKao_Login.framework */ = {isa = PBXFileReference; explicitFileType = wrapper.framework; includeInIndex = 0; path = Pods_KaKao_Login.framework; sourceTree = BUILT_PRODUCTS_DIR; };
/* End PBXFileReference section */

/* Begin PBXFrameworksBuildPhase section */
		63C38FDB2B0CF5B100764936 /* Frameworks */ = {
			isa = PBXFrameworksBuildPhase;
			buildActionMask = 2147483647;
			files = (
				FC9F55D457E91F158DC6B270 /* Pods_KaKao_Login.framework in Frameworks */,
			);
			runOnlyForDeploymentPostprocessing = 0;
		};
/* End PBXFrameworksBuildPhase section */

/* Begin PBXGroup section */
		63C38FD52B0CF5B100764936 = {
			isa = PBXGroup;
			children = (
				63C38FE02B0CF5B100764936 /* KaKao_Login */,
				63C38FDF2B0CF5B100764936 /* Products */,
				BFCE5685B04A92FFE96A09DC /* Pods */,
				B24E8E8DFA7C5C5A472095C0 /* Frameworks */,
			);
			sourceTree = "<group>";
		};
		63C38FDF2B0CF5B100764936 /* Products */ = {
			isa = PBXGroup;
			children = (
				63C38FDE2B0CF5B100764936 /* KaKao_Login.app */,
			);
			name = Products;
			sourceTree = "<group>";
		};
		63C38FE02B0CF5B100764936 /* KaKao_Login */ = {
			isa = PBXGroup;
			children = (
				63C38FE12B0CF5B100764936 /* KaKao_LoginApp.swift */,
				63C38FE32B0CF5B100764936 /* ContentView.swift */,
				63C390082B0CF6CE00764936 /* info.plist */,
				63D429482B0DCE2800E7876B /* Kakao */,
				63D429472B0DCD7900E7876B /* Google */,
				63C38FE52B0CF5B200764936 /* Assets.xcassets */,
				63C38FE72B0CF5B200764936 /* Preview Content */,
				633663452B0D37F3005F8158 /* Config.xcconfig */,
			);
			path = KaKao_Login;
			sourceTree = "<group>";
		};
		63C38FE72B0CF5B200764936 /* Preview Content */ = {
			isa = PBXGroup;
			children = (
				63C38FE82B0CF5B200764936 /* Preview Assets.xcassets */,
			);
			path = "Preview Content";
			sourceTree = "<group>";
		};
		63D429472B0DCD7900E7876B /* Google */ = {
			isa = PBXGroup;
			children = (
				63D429452B0DCD7400E7876B /* UserData.swift */,
				63D429492B0DCE7B00E7876B /* NextPageView.swift */,
			);
			path = Google;
			sourceTree = "<group>";
		};
		63D429482B0DCE2800E7876B /* Kakao */ = {
			isa = PBXGroup;
			children = (
				63C3900E2B0D087100764936 /* KaKaoAuthVM.swift */,
				63D4294D2B0DD92500E7876B /* KakaoPageView.swift */,
			);
			path = Kakao;
			sourceTree = "<group>";
		};
		B24E8E8DFA7C5C5A472095C0 /* Frameworks */ = {
			isa = PBXGroup;
			children = (
				BB113FD47918CEEA33A3B035 /* Pods_KaKao_Login.framework */,
			);
			name = Frameworks;
			sourceTree = "<group>";
		};
		BFCE5685B04A92FFE96A09DC /* Pods */ = {
			isa = PBXGroup;
			children = (
				18E4AE76D956E47F26BCABBF /* Pods-KaKao_Login.debug.xcconfig */,
				7025A4F4C3B6E1BD35497DDF /* Pods-KaKao_Login.release.xcconfig */,
			);
			path = Pods;
			sourceTree = "<group>";
		};
/* End PBXGroup section */

/* Begin PBXNativeTarget section */
		63C38FDD2B0CF5B100764936 /* KaKao_Login */ = {
			isa = PBXNativeTarget;
			buildConfigurationList = 63C38FEC2B0CF5B200764936 /* Build configuration list for PBXNativeTarget "KaKao_Login" */;
			buildPhases = (
				A6DFBDF51C6E0D6688FC862B /* [CP] Check Pods Manifest.lock */,
				63C38FDA2B0CF5B100764936 /* Sources */,
				63C38FDB2B0CF5B100764936 /* Frameworks */,
				63C38FDC2B0CF5B100764936 /* Resources */,
				CDB62BCE3290752CCC36FDF2 /* [CP] Embed Pods Frameworks */,
				9759B386D8BBC3C5103BD933 /* [CP] Copy Pods Resources */,
			);
			buildRules = (
			);
			dependencies = (
			);
			name = KaKao_Login;
			productName = KaKao_Login;
			productReference = 63C38FDE2B0CF5B100764936 /* KaKao_Login.app */;
			productType = "com.apple.product-type.application";
		};
/* End PBXNativeTarget section */

/* Begin PBXProject section */
		63C38FD62B0CF5B100764936 /* Project object */ = {
			isa = PBXProject;
			attributes = {
				BuildIndependentTargetsInParallel = 1;
				LastSwiftUpdateCheck = 1500;
				LastUpgradeCheck = 1500;
				TargetAttributes = {
					63C38FDD2B0CF5B100764936 = {
						CreatedOnToolsVersion = 15.0.1;
					};
				};
			};
			buildConfigurationList = 63C38FD92B0CF5B100764936 /* Build configuration list for PBXProject "KaKao_Login" */;
			compatibilityVersion = "Xcode 14.0";
			developmentRegion = en;
			hasScannedForEncodings = 0;
			knownRegions = (
				en,
				Base,
			);
			mainGroup = 63C38FD52B0CF5B100764936;
			productRefGroup = 63C38FDF2B0CF5B100764936 /* Products */;
			projectDirPath = "";
			projectRoot = "";
			targets = (
				63C38FDD2B0CF5B100764936 /* KaKao_Login */,
			);
		};
/* End PBXProject section */

/* Begin PBXResourcesBuildPhase section */
		63C38FDC2B0CF5B100764936 /* Resources */ = {
			isa = PBXResourcesBuildPhase;
			buildActionMask = 2147483647;
			files = (
				63C38FE92B0CF5B200764936 /* Preview Assets.xcassets in Resources */,
				63C38FE62B0CF5B200764936 /* Assets.xcassets in Resources */,
			);
			runOnlyForDeploymentPostprocessing = 0;
		};
/* End PBXResourcesBuildPhase section */

/* Begin PBXShellScriptBuildPhase section */
		9759B386D8BBC3C5103BD933 /* [CP] Copy Pods Resources */ = {
			isa = PBXShellScriptBuildPhase;
			buildActionMask = 2147483647;
			files = (
			);
			inputFileListPaths = (
				"${PODS_ROOT}/Target Support Files/Pods-KaKao_Login/Pods-KaKao_Login-resources-${CONFIGURATION}-input-files.xcfilelist",
			);
			name = "[CP] Copy Pods Resources";
			outputFileListPaths = (
				"${PODS_ROOT}/Target Support Files/Pods-KaKao_Login/Pods-KaKao_Login-resources-${CONFIGURATION}-output-files.xcfilelist",
			);
			runOnlyForDeploymentPostprocessing = 0;
			shellPath = /bin/sh;
			shellScript = "\"${PODS_ROOT}/Target Support Files/Pods-KaKao_Login/Pods-KaKao_Login-resources.sh\"\n";
			showEnvVarsInLog = 0;
		};
		A6DFBDF51C6E0D6688FC862B /* [CP] Check Pods Manifest.lock */ = {
			isa = PBXShellScriptBuildPhase;
			buildActionMask = 2147483647;
			files = (
			);
			inputFileListPaths = (
			);
			inputPaths = (
				"${PODS_PODFILE_DIR_PATH}/Podfile.lock",
				"${PODS_ROOT}/Manifest.lock",
			);
			name = "[CP] Check Pods Manifest.lock";
			outputFileListPaths = (
			);
			outputPaths = (
				"$(DERIVED_FILE_DIR)/Pods-KaKao_Login-checkManifestLockResult.txt",
			);
			runOnlyForDeploymentPostprocessing = 0;
			shellPath = /bin/sh;
			shellScript = "diff \"${PODS_PODFILE_DIR_PATH}/Podfile.lock\" \"${PODS_ROOT}/Manifest.lock\" > /dev/null\nif [ $? != 0 ] ; then\n    # print error to STDERR\n    echo \"error: The sandbox is not in sync with the Podfile.lock. Run 'pod install' or update your CocoaPods installation.\" >&2\n    exit 1\nfi\n# This output is used by Xcode 'outputs' to avoid re-running this script phase.\necho \"SUCCESS\" > \"${SCRIPT_OUTPUT_FILE_0}\"\n";
			showEnvVarsInLog = 0;
		};
		CDB62BCE3290752CCC36FDF2 /* [CP] Embed Pods Frameworks */ = {
			isa = PBXShellScriptBuildPhase;
			buildActionMask = 2147483647;
			files = (
			);
			inputFileListPaths = (
				"${PODS_ROOT}/Target Support Files/Pods-KaKao_Login/Pods-KaKao_Login-frameworks-${CONFIGURATION}-input-files.xcfilelist",
			);
			name = "[CP] Embed Pods Frameworks";
			outputFileListPaths = (
				"${PODS_ROOT}/Target Support Files/Pods-KaKao_Login/Pods-KaKao_Login-frameworks-${CONFIGURATION}-output-files.xcfilelist",
			);
			runOnlyForDeploymentPostprocessing = 0;
			shellPath = /bin/sh;
			shellScript = "\"${PODS_ROOT}/Target Support Files/Pods-KaKao_Login/Pods-KaKao_Login-frameworks.sh\"\n";
			showEnvVarsInLog = 0;
		};
/* End PBXShellScriptBuildPhase section */

/* Begin PBXSourcesBuildPhase section */
		63C38FDA2B0CF5B100764936 /* Sources */ = {
			isa = PBXSourcesBuildPhase;
			buildActionMask = 2147483647;
			files = (
				63C38FE42B0CF5B100764936 /* ContentView.swift in Sources */,
				63D4294A2B0DCE7B00E7876B /* NextPageView.swift in Sources */,
				63C38FE22B0CF5B100764936 /* KaKao_LoginApp.swift in Sources */,
				63D429462B0DCD7400E7876B /* UserData.swift in Sources */,
				63C3900F2B0D087100764936 /* KaKaoAuthVM.swift in Sources */,
				63D4294E2B0DD92500E7876B /* KakaoPageView.swift in Sources */,
			);
			runOnlyForDeploymentPostprocessing = 0;
		};
/* End PBXSourcesBuildPhase section */

/* Begin XCBuildConfiguration section */
		63C38FEA2B0CF5B200764936 /* Debug */ = {
			isa = XCBuildConfiguration;
			buildSettings = {
				ALWAYS_SEARCH_USER_PATHS = NO;
				ASSETCATALOG_COMPILER_GENERATE_SWIFT_ASSET_SYMBOL_EXTENSIONS = YES;
				CLANG_ANALYZER_NONNULL = YES;
				CLANG_ANALYZER_NUMBER_OBJECT_CONVERSION = YES_AGGRESSIVE;
				CLANG_CXX_LANGUAGE_STANDARD = "gnu++20";
				CLANG_ENABLE_MODULES = YES;
				CLANG_ENABLE_OBJC_ARC = YES;
				CLANG_ENABLE_OBJC_WEAK = YES;
				CLANG_WARN_BLOCK_CAPTURE_AUTORELEASING = YES;
				CLANG_WARN_BOOL_CONVERSION = YES;
				CLANG_WARN_COMMA = YES;
				CLANG_WARN_CONSTANT_CONVERSION = YES;
				CLANG_WARN_DEPRECATED_OBJC_IMPLEMENTATIONS = YES;
				CLANG_WARN_DIRECT_OBJC_ISA_USAGE = YES_ERROR;
				CLANG_WARN_DOCUMENTATION_COMMENTS = YES;
				CLANG_WARN_EMPTY_BODY = YES;
				CLANG_WARN_ENUM_CONVERSION = YES;
				CLANG_WARN_INFINITE_RECURSION = YES;
				CLANG_WARN_INT_CONVERSION = YES;
				CLANG_WARN_NON_LITERAL_NULL_CONVERSION = YES;
				CLANG_WARN_OBJC_IMPLICIT_RETAIN_SELF = YES;
				CLANG_WARN_OBJC_LITERAL_CONVERSION = YES;
				CLANG_WARN_OBJC_ROOT_CLASS = YES_ERROR;
				CLANG_WARN_QUOTED_INCLUDE_IN_FRAMEWORK_HEADER = YES;
				CLANG_WARN_RANGE_LOOP_ANALYSIS = YES;
				CLANG_WARN_STRICT_PROTOTYPES = YES;
				CLANG_WARN_SUSPICIOUS_MOVE = YES;
				CLANG_WARN_UNGUARDED_AVAILABILITY = YES_AGGRESSIVE;
				CLANG_WARN_UNREACHABLE_CODE = YES;
				CLANG_WARN__DUPLICATE_METHOD_MATCH = YES;
				COPY_PHASE_STRIP = NO;
				DEBUG_INFORMATION_FORMAT = dwarf;
				ENABLE_STRICT_OBJC_MSGSEND = YES;
				ENABLE_TESTABILITY = YES;
				ENABLE_USER_SCRIPT_SANDBOXING = NO;
				GCC_C_LANGUAGE_STANDARD = gnu17;
				GCC_DYNAMIC_NO_PIC = NO;
				GCC_NO_COMMON_BLOCKS = YES;
				GCC_OPTIMIZATION_LEVEL = 0;
				GCC_PREPROCESSOR_DEFINITIONS = (
					"DEBUG=1",
					"$(inherited)",
				);
				GCC_WARN_64_TO_32_BIT_CONVERSION = YES;
				GCC_WARN_ABOUT_RETURN_TYPE = YES_ERROR;
				GCC_WARN_UNDECLARED_SELECTOR = YES;
				GCC_WARN_UNINITIALIZED_AUTOS = YES_AGGRESSIVE;
				GCC_WARN_UNUSED_FUNCTION = YES;
				GCC_WARN_UNUSED_VARIABLE = YES;
				IPHONEOS_DEPLOYMENT_TARGET = 17.0;
				LOCALIZATION_PREFERS_STRING_CATALOGS = YES;
				MTL_ENABLE_DEBUG_INFO = INCLUDE_SOURCE;
				MTL_FAST_MATH = YES;
				ONLY_ACTIVE_ARCH = YES;
				SDKROOT = iphoneos;
				SWIFT_ACTIVE_COMPILATION_CONDITIONS = "DEBUG $(inherited)";
				SWIFT_OPTIMIZATION_LEVEL = "-Onone";
			};
			name = Debug;
		};
		63C38FEB2B0CF5B200764936 /* Release */ = {
			isa = XCBuildConfiguration;
			buildSettings = {
				ALWAYS_SEARCH_USER_PATHS = NO;
				ASSETCATALOG_COMPILER_GENERATE_SWIFT_ASSET_SYMBOL_EXTENSIONS = YES;
				CLANG_ANALYZER_NONNULL = YES;
				CLANG_ANALYZER_NUMBER_OBJECT_CONVERSION = YES_AGGRESSIVE;
				CLANG_CXX_LANGUAGE_STANDARD = "gnu++20";
				CLANG_ENABLE_MODULES = YES;
				CLANG_ENABLE_OBJC_ARC = YES;
				CLANG_ENABLE_OBJC_WEAK = YES;
				CLANG_WARN_BLOCK_CAPTURE_AUTORELEASING = YES;
				CLANG_WARN_BOOL_CONVERSION = YES;
				CLANG_WARN_COMMA = YES;
				CLANG_WARN_CONSTANT_CONVERSION = YES;
				CLANG_WARN_DEPRECATED_OBJC_IMPLEMENTATIONS = YES;
				CLANG_WARN_DIRECT_OBJC_ISA_USAGE = YES_ERROR;
				CLANG_WARN_DOCUMENTATION_COMMENTS = YES;
				CLANG_WARN_EMPTY_BODY = YES;
				CLANG_WARN_ENUM_CONVERSION = YES;
				CLANG_WARN_INFINITE_RECURSION = YES;
				CLANG_WARN_INT_CONVERSION = YES;
				CLANG_WARN_NON_LITERAL_NULL_CONVERSION = YES;
				CLANG_WARN_OBJC_IMPLICIT_RETAIN_SELF = YES;
				CLANG_WARN_OBJC_LITERAL_CONVERSION = YES;
				CLANG_WARN_OBJC_ROOT_CLASS = YES_ERROR;
				CLANG_WARN_QUOTED_INCLUDE_IN_FRAMEWORK_HEADER = YES;
				CLANG_WARN_RANGE_LOOP_ANALYSIS = YES;
				CLANG_WARN_STRICT_PROTOTYPES = YES;
				CLANG_WARN_SUSPICIOUS_MOVE = YES;
				CLANG_WARN_UNGUARDED_AVAILABILITY = YES_AGGRESSIVE;
				CLANG_WARN_UNREACHABLE_CODE = YES;
				CLANG_WARN__DUPLICATE_METHOD_MATCH = YES;
				COPY_PHASE_STRIP = NO;
				DEBUG_INFORMATION_FORMAT = "dwarf-with-dsym";
				ENABLE_NS_ASSERTIONS = NO;
				ENABLE_STRICT_OBJC_MSGSEND = YES;
				ENABLE_USER_SCRIPT_SANDBOXING = NO;
				GCC_C_LANGUAGE_STANDARD = gnu17;
				GCC_NO_COMMON_BLOCKS = YES;
				GCC_WARN_64_TO_32_BIT_CONVERSION = YES;
				GCC_WARN_ABOUT_RETURN_TYPE = YES_ERROR;
				GCC_WARN_UNDECLARED_SELECTOR = YES;
				GCC_WARN_UNINITIALIZED_AUTOS = YES_AGGRESSIVE;
				GCC_WARN_UNUSED_FUNCTION = YES;
				GCC_WARN_UNUSED_VARIABLE = YES;
				IPHONEOS_DEPLOYMENT_TARGET = 17.0;
				LOCALIZATION_PREFERS_STRING_CATALOGS = YES;
				MTL_ENABLE_DEBUG_INFO = NO;
				MTL_FAST_MATH = YES;
				SDKROOT = iphoneos;
				SWIFT_COMPILATION_MODE = wholemodule;
				VALIDATE_PRODUCT = YES;
			};
			name = Release;
		};
		63C38FED2B0CF5B200764936 /* Debug */ = {
			isa = XCBuildConfiguration;
			baseConfigurationReference = 18E4AE76D956E47F26BCABBF /* Pods-KaKao_Login.debug.xcconfig */;
			buildSettings = {
				ASSETCATALOG_COMPILER_APPICON_NAME = AppIcon;
				ASSETCATALOG_COMPILER_GLOBAL_ACCENT_COLOR_NAME = AccentColor;
				CODE_SIGN_STYLE = Automatic;
				CURRENT_PROJECT_VERSION = 1;
				DEVELOPMENT_ASSET_PATHS = "\"KaKao_Login/Preview Content\"";
				DEVELOPMENT_TEAM = ND6356Y385;
				ENABLE_PREVIEWS = YES;
				GENERATE_INFOPLIST_FILE = YES;
				INFOPLIST_FILE = "KaKao-Login-Info.plist";
				INFOPLIST_KEY_UIApplicationSceneManifest_Generation = YES;
				INFOPLIST_KEY_UIApplicationSupportsIndirectInputEvents = YES;
				INFOPLIST_KEY_UILaunchScreen_Generation = YES;
				INFOPLIST_KEY_UISupportedInterfaceOrientations_iPad = "UIInterfaceOrientationPortrait UIInterfaceOrientationPortraitUpsideDown UIInterfaceOrientationLandscapeLeft UIInterfaceOrientationLandscapeRight";
				INFOPLIST_KEY_UISupportedInterfaceOrientations_iPhone = "UIInterfaceOrientationPortrait UIInterfaceOrientationLandscapeLeft UIInterfaceOrientationLandscapeRight";
				IPHONEOS_DEPLOYMENT_TARGET = 17.0;
				LD_RUNPATH_SEARCH_PATHS = (
					"$(inherited)",
					"@executable_path/Frameworks",
				);
				MARKETING_VERSION = 1.0;
				PRODUCT_BUNDLE_IDENTIFIER = "com.cw.KaKao-Login";
				PRODUCT_NAME = "$(TARGET_NAME)";
				SWIFT_EMIT_LOC_STRINGS = YES;
				SWIFT_VERSION = 5.0;
				TARGETED_DEVICE_FAMILY = "1,2";
			};
			name = Debug;
		};
		63C38FEE2B0CF5B200764936 /* Release */ = {
			isa = XCBuildConfiguration;
			baseConfigurationReference = 7025A4F4C3B6E1BD35497DDF /* Pods-KaKao_Login.release.xcconfig */;
			buildSettings = {
				ASSETCATALOG_COMPILER_APPICON_NAME = AppIcon;
				ASSETCATALOG_COMPILER_GLOBAL_ACCENT_COLOR_NAME = AccentColor;
				CODE_SIGN_STYLE = Automatic;
				CURRENT_PROJECT_VERSION = 1;
				DEVELOPMENT_ASSET_PATHS = "\"KaKao_Login/Preview Content\"";
				DEVELOPMENT_TEAM = ND6356Y385;
				ENABLE_PREVIEWS = YES;
				GENERATE_INFOPLIST_FILE = YES;
				INFOPLIST_FILE = "KaKao-Login-Info.plist";
				INFOPLIST_KEY_UIApplicationSceneManifest_Generation = YES;
				INFOPLIST_KEY_UIApplicationSupportsIndirectInputEvents = YES;
				INFOPLIST_KEY_UILaunchScreen_Generation = YES;
				INFOPLIST_KEY_UISupportedInterfaceOrientations_iPad = "UIInterfaceOrientationPortrait UIInterfaceOrientationPortraitUpsideDown UIInterfaceOrientationLandscapeLeft UIInterfaceOrientationLandscapeRight";
				INFOPLIST_KEY_UISupportedInterfaceOrientations_iPhone = "UIInterfaceOrientationPortrait UIInterfaceOrientationLandscapeLeft UIInterfaceOrientationLandscapeRight";
				IPHONEOS_DEPLOYMENT_TARGET = 17.0;
				LD_RUNPATH_SEARCH_PATHS = (
					"$(inherited)",
					"@executable_path/Frameworks",
				);
				MARKETING_VERSION = 1.0;
				PRODUCT_BUNDLE_IDENTIFIER = "com.cw.KaKao-Login";
				PRODUCT_NAME = "$(TARGET_NAME)";
				SWIFT_EMIT_LOC_STRINGS = YES;
				SWIFT_VERSION = 5.0;
				TARGETED_DEVICE_FAMILY = "1,2";
			};
			name = Release;
		};
/* End XCBuildConfiguration section */

/* Begin XCConfigurationList section */
		63C38FD92B0CF5B100764936 /* Build configuration list for PBXProject "KaKao_Login" */ = {
			isa = XCConfigurationList;
			buildConfigurations = (
				63C38FEA2B0CF5B200764936 /* Debug */,
				63C38FEB2B0CF5B200764936 /* Release */,
			);
			defaultConfigurationIsVisible = 0;
			defaultConfigurationName = Release;
		};
		63C38FEC2B0CF5B200764936 /* Build configuration list for PBXNativeTarget "KaKao_Login" */ = {
			isa = XCConfigurationList;
			buildConfigurations = (
				63C38FED2B0CF5B200764936 /* Debug */,
				63C38FEE2B0CF5B200764936 /* Release */,
			);
			defaultConfigurationIsVisible = 0;
			defaultConfigurationName = Release;
		};
/* End XCConfigurationList section */
	};
	rootObject = 63C38FD62B0CF5B100764936 /* Project object */;
}
